// !$*UTF8*$!
{
	archiveVersion = 1;
	classes = {
	};
	objectVersion = 56;
	objects = {

/* Begin PBXBuildFile section */
		BA258D472ABB724800C43989 /* StatsView.swift in Sources */ = {isa = PBXBuildFile; fileRef = BA258D462ABB724800C43989 /* StatsView.swift */; };
		BA636F082AB82D560047F281 /* LeadYourWayApp.swift in Sources */ = {isa = PBXBuildFile; fileRef = BA636F072AB82D560047F281 /* LeadYourWayApp.swift */; };
		BA636F0A2AB82D560047F281 /* ContentView.swift in Sources */ = {isa = PBXBuildFile; fileRef = BA636F092AB82D560047F281 /* ContentView.swift */; };
		BA636F0C2AB82D590047F281 /* Assets.xcassets in Resources */ = {isa = PBXBuildFile; fileRef = BA636F0B2AB82D590047F281 /* Assets.xcassets */; };
		BA636F0F2AB82D590047F281 /* Preview Assets.xcassets in Resources */ = {isa = PBXBuildFile; fileRef = BA636F0E2AB82D590047F281 /* Preview Assets.xcassets */; };
		BA9607142AC498C100B3FF89 /* RegisterView.swift in Sources */ = {isa = PBXBuildFile; fileRef = BA9607132AC498C100B3FF89 /* RegisterView.swift */; };
		BA9607162AC498C800B3FF89 /* LoginView.swift in Sources */ = {isa = PBXBuildFile; fileRef = BA9607152AC498C800B3FF89 /* LoginView.swift */; };
		BA9607192AC49E8800B3FF89 /* IdentifiablePlace.swift in Sources */ = {isa = PBXBuildFile; fileRef = BA9607182AC49E8800B3FF89 /* IdentifiablePlace.swift */; };
		BA96071C2AC4AF8100B3FF89 /* TextFieldModifier.swift in Sources */ = {isa = PBXBuildFile; fileRef = BA96071B2AC4AF8100B3FF89 /* TextFieldModifier.swift */; };
		BA96071E2AC4B85000B3FF89 /* PasswordRecoveryView.swift in Sources */ = {isa = PBXBuildFile; fileRef = BA96071D2AC4B85000B3FF89 /* PasswordRecoveryView.swift */; };
		BAE4D8752AB8474100E386A7 /* MapView.swift in Sources */ = {isa = PBXBuildFile; fileRef = BAE4D8742AB8474100E386A7 /* MapView.swift */; };
		BAE4D8772AB847C600E386A7 /* MapViewController.swift in Sources */ = {isa = PBXBuildFile; fileRef = BAE4D8762AB847C600E386A7 /* MapViewController.swift */; };
		BAE92D1A2ABF3EBA000E3866 /* RidesView.swift in Sources */ = {isa = PBXBuildFile; fileRef = BAE92D192ABF3EBA000E3866 /* RidesView.swift */; };
		BAFA7EAE2ABACB5F003A8948 /* NavTabView.swift in Sources */ = {isa = PBXBuildFile; fileRef = BAFA7EAD2ABACB5E003A8948 /* NavTabView.swift */; };
		F46E62B02AEF001C0060C334 /* ProfileView.swift in Sources */ = {isa = PBXBuildFile; fileRef = F46E62AF2AEF001C0060C334 /* ProfileView.swift */; };
		F46E62B22AEF02960060C334 /* ProfileOptionRowView.swift in Sources */ = {isa = PBXBuildFile; fileRef = F46E62B12AEF02960060C334 /* ProfileOptionRowView.swift */; };
		F46E62B42AEF18BC0060C334 /* BicycleListView.swift in Sources */ = {isa = PBXBuildFile; fileRef = F46E62B32AEF18BC0060C334 /* BicycleListView.swift */; };
		F46E62B62AEF1A180060C334 /* BicycleListItem.swift in Sources */ = {isa = PBXBuildFile; fileRef = F46E62B52AEF1A180060C334 /* BicycleListItem.swift */; };
		F46E62B82AEF23240060C334 /* SearchBarView.swift in Sources */ = {isa = PBXBuildFile; fileRef = F46E62B72AEF23240060C334 /* SearchBarView.swift */; };
/* End PBXBuildFile section */

/* Begin PBXFileReference section */
		BA258D462ABB724800C43989 /* StatsView.swift */ = {isa = PBXFileReference; lastKnownFileType = sourcecode.swift; path = StatsView.swift; sourceTree = "<group>"; };
		BA636F042AB82D560047F281 /* LeadYourWay.app */ = {isa = PBXFileReference; explicitFileType = wrapper.application; includeInIndex = 0; path = LeadYourWay.app; sourceTree = BUILT_PRODUCTS_DIR; };
		BA636F072AB82D560047F281 /* LeadYourWayApp.swift */ = {isa = PBXFileReference; lastKnownFileType = sourcecode.swift; path = LeadYourWayApp.swift; sourceTree = "<group>"; };
		BA636F092AB82D560047F281 /* ContentView.swift */ = {isa = PBXFileReference; lastKnownFileType = sourcecode.swift; path = ContentView.swift; sourceTree = "<group>"; };
		BA636F0B2AB82D590047F281 /* Assets.xcassets */ = {isa = PBXFileReference; lastKnownFileType = folder.assetcatalog; path = Assets.xcassets; sourceTree = "<group>"; };
		BA636F0E2AB82D590047F281 /* Preview Assets.xcassets */ = {isa = PBXFileReference; lastKnownFileType = folder.assetcatalog; path = "Preview Assets.xcassets"; sourceTree = "<group>"; };
		BA9607132AC498C100B3FF89 /* RegisterView.swift */ = {isa = PBXFileReference; lastKnownFileType = sourcecode.swift; path = RegisterView.swift; sourceTree = "<group>"; };
		BA9607152AC498C800B3FF89 /* LoginView.swift */ = {isa = PBXFileReference; lastKnownFileType = sourcecode.swift; path = LoginView.swift; sourceTree = "<group>"; };
		BA9607182AC49E8800B3FF89 /* IdentifiablePlace.swift */ = {isa = PBXFileReference; lastKnownFileType = sourcecode.swift; path = IdentifiablePlace.swift; sourceTree = "<group>"; };
		BA96071B2AC4AF8100B3FF89 /* TextFieldModifier.swift */ = {isa = PBXFileReference; lastKnownFileType = sourcecode.swift; path = TextFieldModifier.swift; sourceTree = "<group>"; };
		BA96071D2AC4B85000B3FF89 /* PasswordRecoveryView.swift */ = {isa = PBXFileReference; lastKnownFileType = sourcecode.swift; path = PasswordRecoveryView.swift; sourceTree = "<group>"; };
		BAE4D8742AB8474100E386A7 /* MapView.swift */ = {isa = PBXFileReference; lastKnownFileType = sourcecode.swift; path = MapView.swift; sourceTree = "<group>"; };
		BAE4D8762AB847C600E386A7 /* MapViewController.swift */ = {isa = PBXFileReference; lastKnownFileType = sourcecode.swift; path = MapViewController.swift; sourceTree = "<group>"; };
		BAE92D192ABF3EBA000E3866 /* RidesView.swift */ = {isa = PBXFileReference; lastKnownFileType = sourcecode.swift; path = RidesView.swift; sourceTree = "<group>"; };
		BAFA7EAD2ABACB5E003A8948 /* NavTabView.swift */ = {isa = PBXFileReference; lastKnownFileType = sourcecode.swift; path = NavTabView.swift; sourceTree = "<group>"; };
		F46E62AF2AEF001C0060C334 /* ProfileView.swift */ = {isa = PBXFileReference; lastKnownFileType = sourcecode.swift; path = ProfileView.swift; sourceTree = "<group>"; };
		F46E62B12AEF02960060C334 /* ProfileOptionRowView.swift */ = {isa = PBXFileReference; lastKnownFileType = sourcecode.swift; path = ProfileOptionRowView.swift; sourceTree = "<group>"; };
		F46E62B32AEF18BC0060C334 /* BicycleListView.swift */ = {isa = PBXFileReference; lastKnownFileType = sourcecode.swift; name = BicycleListView.swift; path = Views/BicycleListView.swift; sourceTree = SOURCE_ROOT; };
		F46E62B52AEF1A180060C334 /* BicycleListItem.swift */ = {isa = PBXFileReference; lastKnownFileType = sourcecode.swift; name = BicycleListItem.swift; path = Views/BicycleListItem.swift; sourceTree = SOURCE_ROOT; };
		F46E62B72AEF23240060C334 /* SearchBarView.swift */ = {isa = PBXFileReference; lastKnownFileType = sourcecode.swift; name = SearchBarView.swift; path = Views/SearchBarView.swift; sourceTree = SOURCE_ROOT; };
/* End PBXFileReference section */

/* Begin PBXFrameworksBuildPhase section */
		BA636F012AB82D560047F281 /* Frameworks */ = {
			isa = PBXFrameworksBuildPhase;
			buildActionMask = 2147483647;
			files = (
			);
			runOnlyForDeploymentPostprocessing = 0;
		};
/* End PBXFrameworksBuildPhase section */

/* Begin PBXGroup section */
		BA258D452ABB723400C43989 /* Components */ = {
			isa = PBXGroup;
			children = (
				BA258D462ABB724800C43989 /* StatsView.swift */,
			);
			path = Components;
			sourceTree = "<group>";
		};
		BA258D482ABB73B800C43989 /* Bicycle */ = {
			isa = PBXGroup;
			children = (
				BA258D4A2ABB73DB00C43989 /* ViewModel */,
				BA258D492ABB73D400C43989 /* Views */,
			);
			path = Bicycle;
			sourceTree = "<group>";
		};
		BA258D492ABB73D400C43989 /* Views */ = {
			isa = PBXGroup;
			children = (
				F46E62B32AEF18BC0060C334 /* BicycleListView.swift */,
				F46E62B52AEF1A180060C334 /* BicycleListItem.swift */,
				F46E62B72AEF23240060C334 /* SearchBarView.swift */,
			);
			path = Views;
			sourceTree = "<group>";
		};
		BA258D4A2ABB73DB00C43989 /* ViewModel */ = {
			isa = PBXGroup;
			children = (
			);
			path = ViewModel;
			sourceTree = "<group>";
		};
		BA636EFB2AB82D560047F281 = {
			isa = PBXGroup;
			children = (
				BA636F062AB82D560047F281 /* LeadYourWay */,
				BA636F052AB82D560047F281 /* Products */,
			);
			sourceTree = "<group>";
		};
		BA636F052AB82D560047F281 /* Products */ = {
			isa = PBXGroup;
			children = (
				BA636F042AB82D560047F281 /* LeadYourWay.app */,
			);
			name = Products;
			sourceTree = "<group>";
		};
		BA636F062AB82D560047F281 /* LeadYourWay */ = {
			isa = PBXGroup;
			children = (
				BA636F182AB8356C0047F281 /* Services */,
				BA636F162AB835530047F281 /* Utils */,
				BA636F152AB833BD0047F281 /* Core */,
				BA636F072AB82D560047F281 /* LeadYourWayApp.swift */,
				BA636F092AB82D560047F281 /* ContentView.swift */,
				BA636F0B2AB82D590047F281 /* Assets.xcassets */,
				BA636F0D2AB82D590047F281 /* Preview Content */,
			);
			path = LeadYourWay;
			sourceTree = "<group>";
		};
		BA636F0D2AB82D590047F281 /* Preview Content */ = {
			isa = PBXGroup;
			children = (
				BA636F0E2AB82D590047F281 /* Preview Assets.xcassets */,
			);
			path = "Preview Content";
			sourceTree = "<group>";
		};
		BA636F152AB833BD0047F281 /* Core */ = {
			isa = PBXGroup;
			children = (
				BAE92D162ABF3E9F000E3866 /* Rides */,
				BA258D482ABB73B800C43989 /* Bicycle */,
				BA258D452ABB723400C43989 /* Components */,
				BAE4D86E2AB83E4200E386A7 /* Navigation */,
				BAE4D86D2AB83E1700E386A7 /* Map */,
				BAE4D86C2AB83E0D00E386A7 /* Authentication */,
			);
			path = Core;
			sourceTree = "<group>";
		};
		BA636F162AB835530047F281 /* Utils */ = {
			isa = PBXGroup;
			children = (
				BA96071A2AC4AF6E00B3FF89 /* ViewModifiers */,
			);
			path = Utils;
			sourceTree = "<group>";
		};
		BA636F182AB8356C0047F281 /* Services */ = {
			isa = PBXGroup;
			children = (
			);
			path = Services;
			sourceTree = "<group>";
		};
		BA9607172AC49E6B00B3FF89 /* Location */ = {
			isa = PBXGroup;
			children = (
				BA9607182AC49E8800B3FF89 /* IdentifiablePlace.swift */,
			);
			path = Location;
			sourceTree = "<group>";
		};
		BA96071A2AC4AF6E00B3FF89 /* ViewModifiers */ = {
			isa = PBXGroup;
			children = (
				BA96071B2AC4AF8100B3FF89 /* TextFieldModifier.swift */,
			);
			path = ViewModifiers;
			sourceTree = "<group>";
		};
		BAE4D86C2AB83E0D00E386A7 /* Authentication */ = {
			isa = PBXGroup;
			children = (
				BAFA7EB52ABAD1C1003A8948 /* ViewModel */,
				BAFA7EB42ABAD1B6003A8948 /* Views */,
			);
			path = Authentication;
			sourceTree = "<group>";
		};
		BAE4D86D2AB83E1700E386A7 /* Map */ = {
			isa = PBXGroup;
			children = (
				BA9607172AC49E6B00B3FF89 /* Location */,
				BAE4D8712AB83F8000E386A7 /* ViewModel */,
				BAE4D8702AB83F7600E386A7 /* Model */,
				BAE4D86F2AB83F6C00E386A7 /* MapView */,
			);
			path = Map;
			sourceTree = "<group>";
		};
		BAE4D86E2AB83E4200E386A7 /* Navigation */ = {
			isa = PBXGroup;
			children = (
				BAFA7EAC2ABACB20003A8948 /* View */,
			);
			path = Navigation;
			sourceTree = "<group>";
		};
		BAE4D86F2AB83F6C00E386A7 /* MapView */ = {
			isa = PBXGroup;
			children = (
				BAE4D8742AB8474100E386A7 /* MapView.swift */,
			);
			path = MapView;
			sourceTree = "<group>";
		};
		BAE4D8702AB83F7600E386A7 /* Model */ = {
			isa = PBXGroup;
			children = (
			);
			path = Model;
			sourceTree = "<group>";
		};
		BAE4D8712AB83F8000E386A7 /* ViewModel */ = {
			isa = PBXGroup;
			children = (
				BAE4D8762AB847C600E386A7 /* MapViewController.swift */,
			);
			path = ViewModel;
			sourceTree = "<group>";
		};
		BAE92D162ABF3E9F000E3866 /* Rides */ = {
			isa = PBXGroup;
			children = (
				BAE92D182ABF3EAB000E3866 /* ViewModel */,
				BAE92D172ABF3EA5000E3866 /* View */,
			);
			path = Rides;
			sourceTree = "<group>";
		};
		BAE92D172ABF3EA5000E3866 /* View */ = {
			isa = PBXGroup;
			children = (
				BAE92D192ABF3EBA000E3866 /* RidesView.swift */,
			);
			path = View;
			sourceTree = "<group>";
		};
		BAE92D182ABF3EAB000E3866 /* ViewModel */ = {
			isa = PBXGroup;
			children = (
			);
			path = ViewModel;
			sourceTree = "<group>";
		};
		BAFA7EAC2ABACB20003A8948 /* View */ = {
			isa = PBXGroup;
			children = (
				BAFA7EAD2ABACB5E003A8948 /* NavTabView.swift */,
			);
			path = View;
			sourceTree = "<group>";
		};
		BAFA7EB42ABAD1B6003A8948 /* Views */ = {
			isa = PBXGroup;
			children = (
				BA9607132AC498C100B3FF89 /* RegisterView.swift */,
				BA9607152AC498C800B3FF89 /* LoginView.swift */,
				BA96071D2AC4B85000B3FF89 /* PasswordRecoveryView.swift */,
				F46E62AF2AEF001C0060C334 /* ProfileView.swift */,
				F46E62B12AEF02960060C334 /* ProfileOptionRowView.swift */,
			);
			path = Views;
			sourceTree = "<group>";
		};
		BAFA7EB52ABAD1C1003A8948 /* ViewModel */ = {
			isa = PBXGroup;
			children = (
			);
			path = ViewModel;
			sourceTree = "<group>";
		};
/* End PBXGroup section */

/* Begin PBXNativeTarget section */
		BA636F032AB82D560047F281 /* LeadYourWay */ = {
			isa = PBXNativeTarget;
			buildConfigurationList = BA636F122AB82D590047F281 /* Build configuration list for PBXNativeTarget "LeadYourWay" */;
			buildPhases = (
				BA636F002AB82D560047F281 /* Sources */,
				BA636F012AB82D560047F281 /* Frameworks */,
				BA636F022AB82D560047F281 /* Resources */,
			);
			buildRules = (
			);
			dependencies = (
			);
			name = LeadYourWay;
			productName = LeadYourWay;
			productReference = BA636F042AB82D560047F281 /* LeadYourWay.app */;
			productType = "com.apple.product-type.application";
		};
/* End PBXNativeTarget section */

/* Begin PBXProject section */
		BA636EFC2AB82D560047F281 /* Project object */ = {
			isa = PBXProject;
			attributes = {
				BuildIndependentTargetsInParallel = 1;
				LastSwiftUpdateCheck = 1430;
				LastUpgradeCheck = 1430;
				TargetAttributes = {
					BA636F032AB82D560047F281 = {
						CreatedOnToolsVersion = 14.3.1;
					};
				};
			};
			buildConfigurationList = BA636EFF2AB82D560047F281 /* Build configuration list for PBXProject "LeadYourWay" */;
			compatibilityVersion = "Xcode 14.0";
			developmentRegion = en;
			hasScannedForEncodings = 0;
			knownRegions = (
				en,
				Base,
			);
			mainGroup = BA636EFB2AB82D560047F281;
			productRefGroup = BA636F052AB82D560047F281 /* Products */;
			projectDirPath = "";
			projectRoot = "";
			targets = (
				BA636F032AB82D560047F281 /* LeadYourWay */,
			);
		};
/* End PBXProject section */

/* Begin PBXResourcesBuildPhase section */
		BA636F022AB82D560047F281 /* Resources */ = {
			isa = PBXResourcesBuildPhase;
			buildActionMask = 2147483647;
			files = (
				BA636F0F2AB82D590047F281 /* Preview Assets.xcassets in Resources */,
				BA636F0C2AB82D590047F281 /* Assets.xcassets in Resources */,
			);
			runOnlyForDeploymentPostprocessing = 0;
		};
/* End PBXResourcesBuildPhase section */

/* Begin PBXSourcesBuildPhase section */
		BA636F002AB82D560047F281 /* Sources */ = {
			isa = PBXSourcesBuildPhase;
			buildActionMask = 2147483647;
			files = (
				BA9607142AC498C100B3FF89 /* RegisterView.swift in Sources */,
				BA636F0A2AB82D560047F281 /* ContentView.swift in Sources */,
				F46E62B42AEF18BC0060C334 /* BicycleListView.swift in Sources */,
				F46E62B22AEF02960060C334 /* ProfileOptionRowView.swift in Sources */,
				BA9607192AC49E8800B3FF89 /* IdentifiablePlace.swift in Sources */,
				BA96071C2AC4AF8100B3FF89 /* TextFieldModifier.swift in Sources */,
				BAE4D8752AB8474100E386A7 /* MapView.swift in Sources */,
				F46E62B62AEF1A180060C334 /* BicycleListItem.swift in Sources */,
				BA636F082AB82D560047F281 /* LeadYourWayApp.swift in Sources */,
				BA258D472ABB724800C43989 /* StatsView.swift in Sources */,
				F46E62B02AEF001C0060C334 /* ProfileView.swift in Sources */,
				BA9607162AC498C800B3FF89 /* LoginView.swift in Sources */,
				BA96071E2AC4B85000B3FF89 /* PasswordRecoveryView.swift in Sources */,
				BAFA7EAE2ABACB5F003A8948 /* NavTabView.swift in Sources */,
				BAE92D1A2ABF3EBA000E3866 /* RidesView.swift in Sources */,
				F46E62B82AEF23240060C334 /* SearchBarView.swift in Sources */,
				BAE4D8772AB847C600E386A7 /* MapViewController.swift in Sources */,
			);
			runOnlyForDeploymentPostprocessing = 0;
		};
/* End PBXSourcesBuildPhase section */

/* Begin XCBuildConfiguration section */
		BA636F102AB82D590047F281 /* Debug */ = {
			isa = XCBuildConfiguration;
			buildSettings = {
				ALWAYS_SEARCH_USER_PATHS = NO;
				CLANG_ANALYZER_NONNULL = YES;
				CLANG_ANALYZER_NUMBER_OBJECT_CONVERSION = YES_AGGRESSIVE;
				CLANG_CXX_LANGUAGE_STANDARD = "gnu++20";
				CLANG_ENABLE_MODULES = YES;
				CLANG_ENABLE_OBJC_ARC = YES;
				CLANG_ENABLE_OBJC_WEAK = YES;
				CLANG_WARN_BLOCK_CAPTURE_AUTORELEASING = YES;
				CLANG_WARN_BOOL_CONVERSION = YES;
				CLANG_WARN_COMMA = YES;
				CLANG_WARN_CONSTANT_CONVERSION = YES;
				CLANG_WARN_DEPRECATED_OBJC_IMPLEMENTATIONS = YES;
				CLANG_WARN_DIRECT_OBJC_ISA_USAGE = YES_ERROR;
				CLANG_WARN_DOCUMENTATION_COMMENTS = YES;
				CLANG_WARN_EMPTY_BODY = YES;
				CLANG_WARN_ENUM_CONVERSION = YES;
				CLANG_WARN_INFINITE_RECURSION = YES;
				CLANG_WARN_INT_CONVERSION = YES;
				CLANG_WARN_NON_LITERAL_NULL_CONVERSION = YES;
				CLANG_WARN_OBJC_IMPLICIT_RETAIN_SELF = YES;
				CLANG_WARN_OBJC_LITERAL_CONVERSION = YES;
				CLANG_WARN_OBJC_ROOT_CLASS = YES_ERROR;
				CLANG_WARN_QUOTED_INCLUDE_IN_FRAMEWORK_HEADER = YES;
				CLANG_WARN_RANGE_LOOP_ANALYSIS = YES;
				CLANG_WARN_STRICT_PROTOTYPES = YES;
				CLANG_WARN_SUSPICIOUS_MOVE = YES;
				CLANG_WARN_UNGUARDED_AVAILABILITY = YES_AGGRESSIVE;
				CLANG_WARN_UNREACHABLE_CODE = YES;
				CLANG_WARN__DUPLICATE_METHOD_MATCH = YES;
				COPY_PHASE_STRIP = NO;
				DEBUG_INFORMATION_FORMAT = dwarf;
				ENABLE_STRICT_OBJC_MSGSEND = YES;
				ENABLE_TESTABILITY = YES;
				GCC_C_LANGUAGE_STANDARD = gnu11;
				GCC_DYNAMIC_NO_PIC = NO;
				GCC_NO_COMMON_BLOCKS = YES;
				GCC_OPTIMIZATION_LEVEL = 0;
				GCC_PREPROCESSOR_DEFINITIONS = (
					"DEBUG=1",
					"$(inherited)",
				);
				GCC_WARN_64_TO_32_BIT_CONVERSION = YES;
				GCC_WARN_ABOUT_RETURN_TYPE = YES_ERROR;
				GCC_WARN_UNDECLARED_SELECTOR = YES;
				GCC_WARN_UNINITIALIZED_AUTOS = YES_AGGRESSIVE;
				GCC_WARN_UNUSED_FUNCTION = YES;
				GCC_WARN_UNUSED_VARIABLE = YES;
				IPHONEOS_DEPLOYMENT_TARGET = 16.4;
				MTL_ENABLE_DEBUG_INFO = INCLUDE_SOURCE;
				MTL_FAST_MATH = YES;
				ONLY_ACTIVE_ARCH = YES;
				SDKROOT = iphoneos;
				SWIFT_ACTIVE_COMPILATION_CONDITIONS = DEBUG;
				SWIFT_OPTIMIZATION_LEVEL = "-Onone";
			};
			name = Debug;
		};
		BA636F112AB82D590047F281 /* Release */ = {
			isa = XCBuildConfiguration;
			buildSettings = {
				ALWAYS_SEARCH_USER_PATHS = NO;
				CLANG_ANALYZER_NONNULL = YES;
				CLANG_ANALYZER_NUMBER_OBJECT_CONVERSION = YES_AGGRESSIVE;
				CLANG_CXX_LANGUAGE_STANDARD = "gnu++20";
				CLANG_ENABLE_MODULES = YES;
				CLANG_ENABLE_OBJC_ARC = YES;
				CLANG_ENABLE_OBJC_WEAK = YES;
				CLANG_WARN_BLOCK_CAPTURE_AUTORELEASING = YES;
				CLANG_WARN_BOOL_CONVERSION = YES;
				CLANG_WARN_COMMA = YES;
				CLANG_WARN_CONSTANT_CONVERSION = YES;
				CLANG_WARN_DEPRECATED_OBJC_IMPLEMENTATIONS = YES;
				CLANG_WARN_DIRECT_OBJC_ISA_USAGE = YES_ERROR;
				CLANG_WARN_DOCUMENTATION_COMMENTS = YES;
				CLANG_WARN_EMPTY_BODY = YES;
				CLANG_WARN_ENUM_CONVERSION = YES;
				CLANG_WARN_INFINITE_RECURSION = YES;
				CLANG_WARN_INT_CONVERSION = YES;
				CLANG_WARN_NON_LITERAL_NULL_CONVERSION = YES;
				CLANG_WARN_OBJC_IMPLICIT_RETAIN_SELF = YES;
				CLANG_WARN_OBJC_LITERAL_CONVERSION = YES;
				CLANG_WARN_OBJC_ROOT_CLASS = YES_ERROR;
				CLANG_WARN_QUOTED_INCLUDE_IN_FRAMEWORK_HEADER = YES;
				CLANG_WARN_RANGE_LOOP_ANALYSIS = YES;
				CLANG_WARN_STRICT_PROTOTYPES = YES;
				CLANG_WARN_SUSPICIOUS_MOVE = YES;
				CLANG_WARN_UNGUARDED_AVAILABILITY = YES_AGGRESSIVE;
				CLANG_WARN_UNREACHABLE_CODE = YES;
				CLANG_WARN__DUPLICATE_METHOD_MATCH = YES;
				COPY_PHASE_STRIP = NO;
				DEBUG_INFORMATION_FORMAT = "dwarf-with-dsym";
				ENABLE_NS_ASSERTIONS = NO;
				ENABLE_STRICT_OBJC_MSGSEND = YES;
				GCC_C_LANGUAGE_STANDARD = gnu11;
				GCC_NO_COMMON_BLOCKS = YES;
				GCC_WARN_64_TO_32_BIT_CONVERSION = YES;
				GCC_WARN_ABOUT_RETURN_TYPE = YES_ERROR;
				GCC_WARN_UNDECLARED_SELECTOR = YES;
				GCC_WARN_UNINITIALIZED_AUTOS = YES_AGGRESSIVE;
				GCC_WARN_UNUSED_FUNCTION = YES;
				GCC_WARN_UNUSED_VARIABLE = YES;
				IPHONEOS_DEPLOYMENT_TARGET = 16.4;
				MTL_ENABLE_DEBUG_INFO = NO;
				MTL_FAST_MATH = YES;
				SDKROOT = iphoneos;
				SWIFT_COMPILATION_MODE = wholemodule;
				SWIFT_OPTIMIZATION_LEVEL = "-O";
				VALIDATE_PRODUCT = YES;
			};
			name = Release;
		};
		BA636F132AB82D590047F281 /* Debug */ = {
			isa = XCBuildConfiguration;
			buildSettings = {
				ASSETCATALOG_COMPILER_APPICON_NAME = AppIcon;
				ASSETCATALOG_COMPILER_GLOBAL_ACCENT_COLOR_NAME = AccentColor;
				CODE_SIGN_STYLE = Automatic;
				CURRENT_PROJECT_VERSION = 1;
				DEVELOPMENT_ASSET_PATHS = "\"LeadYourWay/Preview Content\"";
				ENABLE_PREVIEWS = YES;
				GENERATE_INFOPLIST_FILE = YES;
				INFOPLIST_KEY_NSLocationWhenInUseUsageDescription = "This app need your location to show it on the map";
				INFOPLIST_KEY_UIApplicationSceneManifest_Generation = YES;
				INFOPLIST_KEY_UIApplicationSupportsIndirectInputEvents = YES;
				INFOPLIST_KEY_UILaunchScreen_Generation = YES;
				INFOPLIST_KEY_UISupportedInterfaceOrientations_iPad = "UIInterfaceOrientationPortrait UIInterfaceOrientationPortraitUpsideDown UIInterfaceOrientationLandscapeLeft UIInterfaceOrientationLandscapeRight";
				INFOPLIST_KEY_UISupportedInterfaceOrientations_iPhone = "UIInterfaceOrientationPortrait UIInterfaceOrientationLandscapeLeft UIInterfaceOrientationLandscapeRight";
				LD_RUNPATH_SEARCH_PATHS = (
					"$(inherited)",
					"@executable_path/Frameworks",
				);
				MARKETING_VERSION = 1.0;
				PRODUCT_BUNDLE_IDENTIFIER = Lorenzo.LeadYourWay;
				PRODUCT_NAME = "$(TARGET_NAME)";
				SWIFT_EMIT_LOC_STRINGS = YES;
				SWIFT_VERSION = 5.0;
				TARGETED_DEVICE_FAMILY = "1,2";
			};
			name = Debug;
		};
		BA636F142AB82D590047F281 /* Release */ = {
			isa = XCBuildConfiguration;
			buildSettings = {
				ASSETCATALOG_COMPILER_APPICON_NAME = AppIcon;
				ASSETCATALOG_COMPILER_GLOBAL_ACCENT_COLOR_NAME = AccentColor;
				CODE_SIGN_STYLE = Automatic;
				CURRENT_PROJECT_VERSION = 1;
				DEVELOPMENT_ASSET_PATHS = "\"LeadYourWay/Preview Content\"";
				ENABLE_PREVIEWS = YES;
				GENERATE_INFOPLIST_FILE = YES;
				INFOPLIST_KEY_NSLocationWhenInUseUsageDescription = "This app need your location to show it on the map";
				INFOPLIST_KEY_UIApplicationSceneManifest_Generation = YES;
				INFOPLIST_KEY_UIApplicationSupportsIndirectInputEvents = YES;
				INFOPLIST_KEY_UILaunchScreen_Generation = YES;
				INFOPLIST_KEY_UISupportedInterfaceOrientations_iPad = "UIInterfaceOrientationPortrait UIInterfaceOrientationPortraitUpsideDown UIInterfaceOrientationLandscapeLeft UIInterfaceOrientationLandscapeRight";
				INFOPLIST_KEY_UISupportedInterfaceOrientations_iPhone = "UIInterfaceOrientationPortrait UIInterfaceOrientationLandscapeLeft UIInterfaceOrientationLandscapeRight";
				LD_RUNPATH_SEARCH_PATHS = (
					"$(inherited)",
					"@executable_path/Frameworks",
				);
				MARKETING_VERSION = 1.0;
				PRODUCT_BUNDLE_IDENTIFIER = Lorenzo.LeadYourWay;
				PRODUCT_NAME = "$(TARGET_NAME)";
				SWIFT_EMIT_LOC_STRINGS = YES;
				SWIFT_VERSION = 5.0;
				TARGETED_DEVICE_FAMILY = "1,2";
			};
			name = Release;
		};
/* End XCBuildConfiguration section */

/* Begin XCConfigurationList section */
		BA636EFF2AB82D560047F281 /* Build configuration list for PBXProject "LeadYourWay" */ = {
			isa = XCConfigurationList;
			buildConfigurations = (
				BA636F102AB82D590047F281 /* Debug */,
				BA636F112AB82D590047F281 /* Release */,
			);
			defaultConfigurationIsVisible = 0;
			defaultConfigurationName = Release;
		};
		BA636F122AB82D590047F281 /* Build configuration list for PBXNativeTarget "LeadYourWay" */ = {
			isa = XCConfigurationList;
			buildConfigurations = (
				BA636F132AB82D590047F281 /* Debug */,
				BA636F142AB82D590047F281 /* Release */,
			);
			defaultConfigurationIsVisible = 0;
			defaultConfigurationName = Release;
		};
/* End XCConfigurationList section */
	};
	rootObject = BA636EFC2AB82D560047F281 /* Project object */;
}
